// !$*UTF8*$!
{
	archiveVersion = 1;
	classes = {
	};
	objectVersion = 77;
	objects = {

/* Begin PBXBuildFile section */
		3588A4D72FC2BD4F00AC468B /* SwiftFormat in Frameworks */ = {isa = PBXBuildFile; productRef = 3588A4D62FC2BD4F00AC468B /* SwiftFormat */; };
		3588BF012FC3A10000AC468B /* ContentView.swift in Sources */ = {isa = PBXBuildFile; fileRef = 3588BF112FC3A10000AC468B /* ContentView.swift */; };
		3588BF022FC3A10000AC468B /* hero_transionApp.swift in Sources */ = {isa = PBXBuildFile; fileRef = 3588BF122FC3A10000AC468B /* hero_transionApp.swift */; };
		3588BF032FC3A10000AC468B /* WindowSnapshot.swift in Sources */ = {isa = PBXBuildFile; fileRef = 3588BF132FC3A10000AC468B /* WindowSnapshot.swift */; };
		3588BF042FC3A10000AC468B /* SnapshotPreviewBackground.swift in Sources */ = {isa = PBXBuildFile; fileRef = 3588BF142FC3A10000AC468B /* SnapshotPreviewBackground.swift */; };
		3588BF052FC3A10000AC468B /* FullscreenCoverFailureExampleView.swift in Sources */ = {isa = PBXBuildFile; fileRef = 3588BF152FC3A10000AC468B /* FullscreenCoverFailureExampleView.swift */; };
		3588BF062FC3A10000AC468B /* Assets.xcassets in Resources */ = {isa = PBXBuildFile; fileRef = 3588BF162FC3A10000AC468B /* Assets.xcassets */; };
/* End PBXBuildFile section */

/* Begin PBXFileReference section */
		3588A4A22FC2B4C900AC468B /* hero-transion.app */ = {isa = PBXFileReference; explicitFileType = wrapper.application; includeInIndex = 0; path = "hero-transion.app"; sourceTree = BUILT_PRODUCTS_DIR; };
		3588BF112FC3A10000AC468B /* ContentView.swift */ = {isa = PBXFileReference; lastKnownFileType = sourcecode.swift; path = ContentView.swift; sourceTree = "<group>"; };
		3588BF122FC3A10000AC468B /* hero_transionApp.swift */ = {isa = PBXFileReference; lastKnownFileType = sourcecode.swift; path = hero_transionApp.swift; sourceTree = "<group>"; };
		3588BF132FC3A10000AC468B /* WindowSnapshot.swift */ = {isa = PBXFileReference; lastKnownFileType = sourcecode.swift; path = WindowSnapshot.swift; sourceTree = "<group>"; };
		3588BF142FC3A10000AC468B /* SnapshotPreviewBackground.swift */ = {isa = PBXFileReference; lastKnownFileType = sourcecode.swift; path = SnapshotPreviewBackground.swift; sourceTree = "<group>"; };
		3588BF152FC3A10000AC468B /* FullscreenCoverFailureExampleView.swift */ = {isa = PBXFileReference; lastKnownFileType = sourcecode.swift; path = FullscreenCoverFailureExampleView.swift; sourceTree = "<group>"; };
		3588BF162FC3A10000AC468B /* Assets.xcassets */ = {isa = PBXFileReference; lastKnownFileType = folder.assetcatalog; path = Assets.xcassets; sourceTree = "<group>"; };
/* End PBXFileReference section */

/* Begin PBXFrameworksBuildPhase section */
		3588A49F2FC2B4C900AC468B /* Frameworks */ = {
			isa = PBXFrameworksBuildPhase;
			buildActionMask = 2147483647;
			files = (
				3588A4D72FC2BD4F00AC468B /* SwiftFormat in Frameworks */,
			);
			runOnlyForDeploymentPostprocessing = 0;
		};
/* End PBXFrameworksBuildPhase section */

/* Begin PBXGroup section */
		3588A4992FC2B4C900AC468B = {
			isa = PBXGroup;
			children = (
				3588BF082FC3A10000AC468B /* hero-transion */,
				3588A4A32FC2B4C900AC468B /* Products */,
			);
			sourceTree = "<group>";
		};
		3588A4A32FC2B4C900AC468B /* Products */ = {
			isa = PBXGroup;
			children = (
				3588A4A22FC2B4C900AC468B /* hero-transion.app */,
			);
			name = Products;
			sourceTree = "<group>";
		};
		3588BF072FC3A10000AC468B /* FullscreenCoverFailureExample */ = {
			isa = PBXGroup;
			children = (
				3588BF152FC3A10000AC468B /* FullscreenCoverFailureExampleView.swift */,
			);
			path = FullscreenCoverFailureExample;
			sourceTree = "<group>";
		};
		3588BF082FC3A10000AC468B /* hero-transion */ = {
			isa = PBXGroup;
			children = (
				3588BF122FC3A10000AC468B /* hero_transionApp.swift */,
				3588BF112FC3A10000AC468B /* ContentView.swift */,
				3588BF132FC3A10000AC468B /* WindowSnapshot.swift */,
				3588BF142FC3A10000AC468B /* SnapshotPreviewBackground.swift */,
				3588BF072FC3A10000AC468B /* FullscreenCoverFailureExample */,
				3588BF162FC3A10000AC468B /* Assets.xcassets */,
			);
			path = "hero-transion";
			sourceTree = "<group>";
		};
/* End PBXGroup section */

/* Begin PBXNativeTarget section */
		3588A4A12FC2B4C900AC468B /* hero-transion */ = {
			isa = PBXNativeTarget;
			buildConfigurationList = 3588A4AD2FC2B4CB00AC468B /* Build configuration list for PBXNativeTarget "hero-transion" */;
			buildPhases = (
				3588A49E2FC2B4C900AC468B /* Sources */,
				3588A49F2FC2B4C900AC468B /* Frameworks */,
				3588A4A02FC2B4C900AC468B /* Resources */,
			);
			buildRules = (
			);
			dependencies = (
			);
			name = "hero-transion";
			packageProductDependencies = (
				3588A4D62FC2BD4F00AC468B /* SwiftFormat */,
			);
			productName = "hero-transion";
			productReference = 3588A4A22FC2B4C900AC468B /* hero-transion.app */;
			productType = "com.apple.product-type.application";
		};
/* End PBXNativeTarget section */

/* Begin PBXProject section */
		3588A49A2FC2B4C900AC468B /* Project object */ = {
			isa = PBXProject;
			attributes = {
				BuildIndependentTargetsInParallel = 1;
				LastSwiftUpdateCheck = 2650;
				LastUpgradeCheck = 2650;
				TargetAttributes = {
					3588A4A12FC2B4C900AC468B = {
						CreatedOnToolsVersion = 26.5;
					};
				};
			};
			buildConfigurationList = 3588A49D2FC2B4C900AC468B /* Build configuration list for PBXProject "hero-transion" */;
			developmentRegion = en;
			hasScannedForEncodings = 0;
			knownRegions = (
				en,
				Base,
			);
			mainGroup = 3588A4992FC2B4C900AC468B;
			minimizedProjectReferenceProxies = 1;
			packageReferences = (
				3588A4D52FC2BD4F00AC468B /* XCRemoteSwiftPackageReference "SwiftFormat" */,
			);
			preferredProjectObjectVersion = 77;
			productRefGroup = 3588A4A32FC2B4C900AC468B /* Products */;
			projectDirPath = "";
			projectRoot = "";
			targets = (
				3588A4A12FC2B4C900AC468B /* hero-transion */,
			);
		};
/* End PBXProject section */

/* Begin PBXResourcesBuildPhase section */
		3588A4A02FC2B4C900AC468B /* Resources */ = {
			isa = PBXResourcesBuildPhase;
			buildActionMask = 2147483647;
			files = (
				3588BF062FC3A10000AC468B /* Assets.xcassets in Resources */,
			);
			runOnlyForDeploymentPostprocessing = 0;
		};
/* End PBXResourcesBuildPhase section */

/* Begin PBXSourcesBuildPhase section */
		3588A49E2FC2B4C900AC468B /* Sources */ = {
			isa = PBXSourcesBuildPhase;
			buildActionMask = 2147483647;
			files = (
				3588BF012FC3A10000AC468B /* ContentView.swift in Sources */,
				3588BF022FC3A10000AC468B /* hero_transionApp.swift in Sources */,
				3588BF032FC3A10000AC468B /* WindowSnapshot.swift in Sources */,
				3588BF042FC3A10000AC468B /* SnapshotPreviewBackground.swift in Sources */,
				3588BF052FC3A10000AC468B /* FullscreenCoverFailureExampleView.swift in Sources */,
			);
			runOnlyForDeploymentPostprocessing = 0;
		};
/* End PBXSourcesBuildPhase section */

/* Begin XCBuildConfiguration section */
		3588A4AB2FC2B4CB00AC468B /* Debug */ = {
			isa = XCBuildConfiguration;
			buildSettings = {
				ALWAYS_SEARCH_USER_PATHS = NO;
				ASSETCATALOG_COMPILER_GENERATE_SWIFT_ASSET_SYMBOL_EXTENSIONS = YES;
				CLANG_ANALYZER_NONNULL = YES;
				CLANG_ANALYZER_NUMBER_OBJECT_CONVERSION = YES_AGGRESSIVE;
				CLANG_CXX_LANGUAGE_STANDARD = "gnu++20";
				CLANG_ENABLE_MODULES = YES;
				CLANG_ENABLE_OBJC_ARC = YES;
				CLANG_ENABLE_OBJC_WEAK = YES;
				CLANG_WARN_BLOCK_CAPTURE_AUTORELEASING = YES;
				CLANG_WARN_BOOL_CONVERSION = YES;
				CLANG_WARN_COMMA = YES;
				CLANG_WARN_CONSTANT_CONVERSION = YES;
				CLANG_WARN_DEPRECATED_OBJC_IMPLEMENTATIONS = YES;
				CLANG_WARN_DIRECT_OBJC_ISA_USAGE = YES_ERROR;
				CLANG_WARN_DOCUMENTATION_COMMENTS = YES;
				CLANG_WARN_EMPTY_BODY = YES;
				CLANG_WARN_ENUM_CONVERSION = YES;
				CLANG_WARN_INFINITE_RECURSION = YES;
				CLANG_WARN_INT_CONVERSION = YES;
				CLANG_WARN_NON_LITERAL_NULL_CONVERSION = YES;
				CLANG_WARN_OBJC_IMPLICIT_RETAIN_SELF = YES;
				CLANG_WARN_OBJC_LITERAL_CONVERSION = YES;
				CLANG_WARN_OBJC_ROOT_CLASS = YES_ERROR;
				CLANG_WARN_QUOTED_INCLUDE_IN_FRAMEWORK_HEADER = YES;
				CLANG_WARN_RANGE_LOOP_ANALYSIS = YES;
				CLANG_WARN_STRICT_PROTOTYPES = YES;
				CLANG_WARN_SUSPICIOUS_MOVE = YES;
				CLANG_WARN_UNGUARDED_AVAILABILITY = YES_AGGRESSIVE;
				CLANG_WARN_UNREACHABLE_CODE = YES;
				CLANG_WARN__DUPLICATE_METHOD_MATCH = YES;
				COPY_PHASE_STRIP = NO;
				DEBUG_INFORMATION_FORMAT = dwarf;
				DEVELOPMENT_TEAM = W8PA7WYQ5Z;
				ENABLE_STRICT_OBJC_MSGSEND = YES;
				ENABLE_TESTABILITY = YES;
				ENABLE_USER_SCRIPT_SANDBOXING = YES;
				GCC_C_LANGUAGE_STANDARD = gnu17;
				GCC_DYNAMIC_NO_PIC = NO;
				GCC_NO_COMMON_BLOCKS = YES;
				GCC_OPTIMIZATION_LEVEL = 0;
				GCC_PREPROCESSOR_DEFINITIONS = (
					"DEBUG=1",
					"$(inherited)",
				);
				GCC_WARN_64_TO_32_BIT_CONVERSION = YES;
				GCC_WARN_ABOUT_RETURN_TYPE = YES_ERROR;
				GCC_WARN_UNDECLARED_SELECTOR = YES;
				GCC_WARN_UNINITIALIZED_AUTOS = YES_AGGRESSIVE;
				GCC_WARN_UNUSED_FUNCTION = YES;
				GCC_WARN_UNUSED_VARIABLE = YES;
				IPHONEOS_DEPLOYMENT_TARGET = 26.5;
				LOCALIZATION_PREFERS_STRING_CATALOGS = YES;
				MTL_ENABLE_DEBUG_INFO = INCLUDE_SOURCE;
				MTL_FAST_MATH = YES;
				ONLY_ACTIVE_ARCH = YES;
				SDKROOT = iphoneos;
				SWIFT_ACTIVE_COMPILATION_CONDITIONS = "DEBUG $(inherited)";
				SWIFT_OPTIMIZATION_LEVEL = "-Onone";
			};
			name = Debug;
		};
		3588A4AC2FC2B4CB00AC468B /* Release */ = {
			isa = XCBuildConfiguration;
			buildSettings = {
				ALWAYS_SEARCH_USER_PATHS = NO;
				ASSETCATALOG_COMPILER_GENERATE_SWIFT_ASSET_SYMBOL_EXTENSIONS = YES;
				CLANG_ANALYZER_NONNULL = YES;
				CLANG_ANALYZER_NUMBER_OBJECT_CONVERSION = YES_AGGRESSIVE;
				CLANG_CXX_LANGUAGE_STANDARD = "gnu++20";
				CLANG_ENABLE_MODULES = YES;
				CLANG_ENABLE_OBJC_ARC = YES;
				CLANG_ENABLE_OBJC_WEAK = YES;
				CLANG_WARN_BLOCK_CAPTURE_AUTORELEASING = YES;
				CLANG_WARN_BOOL_CONVERSION = YES;
				CLANG_WARN_COMMA = YES;
				CLANG_WARN_CONSTANT_CONVERSION = YES;
				CLANG_WARN_DEPRECATED_OBJC_IMPLEMENTATIONS = YES;
				CLANG_WARN_DIRECT_OBJC_ISA_USAGE = YES_ERROR;
				CLANG_WARN_DOCUMENTATION_COMMENTS = YES;
				CLANG_WARN_EMPTY_BODY = YES;
				CLANG_WARN_ENUM_CONVERSION = YES;
				CLANG_WARN_INFINITE_RECURSION = YES;
				CLANG_WARN_INT_CONVERSION = YES;
				CLANG_WARN_NON_LITERAL_NULL_CONVERSION = YES;
				CLANG_WARN_OBJC_IMPLICIT_RETAIN_SELF = YES;
				CLANG_WARN_OBJC_LITERAL_CONVERSION = YES;
				CLANG_WARN_OBJC_ROOT_CLASS = YES_ERROR;
				CLANG_WARN_QUOTED_INCLUDE_IN_FRAMEWORK_HEADER = YES;
				CLANG_WARN_RANGE_LOOP_ANALYSIS = YES;
				CLANG_WARN_STRICT_PROTOTYPES = YES;
				CLANG_WARN_SUSPICIOUS_MOVE = YES;
				CLANG_WARN_UNGUARDED_AVAILABILITY = YES_AGGRESSIVE;
				CLANG_WARN_UNREACHABLE_CODE = YES;
				CLANG_WARN__DUPLICATE_METHOD_MATCH = YES;
				COPY_PHASE_STRIP = NO;
				DEBUG_INFORMATION_FORMAT = "dwarf-with-dsym";
				DEVELOPMENT_TEAM = W8PA7WYQ5Z;
				ENABLE_NS_ASSERTIONS = NO;
				ENABLE_STRICT_OBJC_MSGSEND = YES;
				ENABLE_USER_SCRIPT_SANDBOXING = YES;
				GCC_C_LANGUAGE_STANDARD = gnu17;
				GCC_NO_COMMON_BLOCKS = YES;
				GCC_WARN_64_TO_32_BIT_CONVERSION = YES;
				GCC_WARN_ABOUT_RETURN_TYPE = YES_ERROR;
				GCC_WARN_UNDECLARED_SELECTOR = YES;
				GCC_WARN_UNINITIALIZED_AUTOS = YES_AGGRESSIVE;
				GCC_WARN_UNUSED_FUNCTION = YES;
				GCC_WARN_UNUSED_VARIABLE = YES;
				IPHONEOS_DEPLOYMENT_TARGET = 26.5;
				LOCALIZATION_PREFERS_STRING_CATALOGS = YES;
				MTL_ENABLE_DEBUG_INFO = NO;
				MTL_FAST_MATH = YES;
				SDKROOT = iphoneos;
				SWIFT_COMPILATION_MODE = wholemodule;
				VALIDATE_PRODUCT = YES;
			};
			name = Release;
		};
		3588A4AE2FC2B4CB00AC468B /* Debug */ = {
			isa = XCBuildConfiguration;
			buildSettings = {
				ASSETCATALOG_COMPILER_APPICON_NAME = AppIcon;
				ASSETCATALOG_COMPILER_GLOBAL_ACCENT_COLOR_NAME = AccentColor;
				CODE_SIGN_STYLE = Automatic;
				CURRENT_PROJECT_VERSION = 1;
				DEVELOPMENT_TEAM = W8PA7WYQ5Z;
				ENABLE_PREVIEWS = YES;
				GENERATE_INFOPLIST_FILE = YES;
				INFOPLIST_KEY_UIApplicationSceneManifest_Generation = YES;
				INFOPLIST_KEY_UIApplicationSupportsIndirectInputEvents = YES;
				INFOPLIST_KEY_UILaunchScreen_Generation = YES;
				INFOPLIST_KEY_UISupportedInterfaceOrientations_iPad = "UIInterfaceOrientationPortrait UIInterfaceOrientationPortraitUpsideDown UIInterfaceOrientationLandscapeLeft UIInterfaceOrientationLandscapeRight";
				INFOPLIST_KEY_UISupportedInterfaceOrientations_iPhone = "UIInterfaceOrientationPortrait UIInterfaceOrientationLandscapeLeft UIInterfaceOrientationLandscapeRight";
				LD_RUNPATH_SEARCH_PATHS = (
					"$(inherited)",
					"@executable_path/Frameworks",
				);
				MARKETING_VERSION = 1.0;
				PRODUCT_BUNDLE_IDENTIFIER = "com.Tanaka.hero-transion";
				PRODUCT_NAME = "$(TARGET_NAME)";
				STRING_CATALOG_GENERATE_SYMBOLS = YES;
				SWIFT_APPROACHABLE_CONCURRENCY = YES;
				SWIFT_DEFAULT_ACTOR_ISOLATION = MainActor;
				SWIFT_EMIT_LOC_STRINGS = YES;
				SWIFT_UPCOMING_FEATURE_MEMBER_IMPORT_VISIBILITY = YES;
				SWIFT_VERSION = 5.0;
				TARGETED_DEVICE_FAMILY = "1,2";
			};
			name = Debug;
		};
		3588A4AF2FC2B4CB00AC468B /* Release */ = {
			isa = XCBuildConfiguration;
			buildSettings = {
				ASSETCATALOG_COMPILER_APPICON_NAME = AppIcon;
				ASSETCATALOG_COMPILER_GLOBAL_ACCENT_COLOR_NAME = AccentColor;
				CODE_SIGN_STYLE = Automatic;
				CURRENT_PROJECT_VERSION = 1;
				DEVELOPMENT_TEAM = W8PA7WYQ5Z;
				ENABLE_PREVIEWS = YES;
				GENERATE_INFOPLIST_FILE = YES;
				INFOPLIST_KEY_UIApplicationSceneManifest_Generation = YES;
				INFOPLIST_KEY_UIApplicationSupportsIndirectInputEvents = YES;
				INFOPLIST_KEY_UILaunchScreen_Generation = YES;
				INFOPLIST_KEY_UISupportedInterfaceOrientations_iPad = "UIInterfaceOrientationPortrait UIInterfaceOrientationPortraitUpsideDown UIInterfaceOrientationLandscapeLeft UIInterfaceOrientationLandscapeRight";
				INFOPLIST_KEY_UISupportedInterfaceOrientations_iPhone = "UIInterfaceOrientationPortrait UIInterfaceOrientationLandscapeLeft UIInterfaceOrientationLandscapeRight";
				LD_RUNPATH_SEARCH_PATHS = (
					"$(inherited)",
					"@executable_path/Frameworks",
				);
				MARKETING_VERSION = 1.0;
				PRODUCT_BUNDLE_IDENTIFIER = "com.Tanaka.hero-transion";
				PRODUCT_NAME = "$(TARGET_NAME)";
				STRING_CATALOG_GENERATE_SYMBOLS = YES;
				SWIFT_APPROACHABLE_CONCURRENCY = YES;
				SWIFT_DEFAULT_ACTOR_ISOLATION = MainActor;
				SWIFT_EMIT_LOC_STRINGS = YES;
				SWIFT_UPCOMING_FEATURE_MEMBER_IMPORT_VISIBILITY = YES;
				SWIFT_VERSION = 5.0;
				TARGETED_DEVICE_FAMILY = "1,2";
			};
			name = Release;
		};
/* End XCBuildConfiguration section */

/* Begin XCConfigurationList section */
		3588A49D2FC2B4C900AC468B /* Build configuration list for PBXProject "hero-transion" */ = {
			isa = XCConfigurationList;
			buildConfigurations = (
				3588A4AB2FC2B4CB00AC468B /* Debug */,
				3588A4AC2FC2B4CB00AC468B /* Release */,
			);
			defaultConfigurationIsVisible = 0;
			defaultConfigurationName = Release;
		};
		3588A4AD2FC2B4CB00AC468B /* Build configuration list for PBXNativeTarget "hero-transion" */ = {
			isa = XCConfigurationList;
			buildConfigurations = (
				3588A4AE2FC2B4CB00AC468B /* Debug */,
				3588A4AF2FC2B4CB00AC468B /* Release */,
			);
			defaultConfigurationIsVisible = 0;
			defaultConfigurationName = Release;
		};
/* End XCConfigurationList section */

/* Begin XCRemoteSwiftPackageReference section */
		3588A4D52FC2BD4F00AC468B /* XCRemoteSwiftPackageReference "SwiftFormat" */ = {
			isa = XCRemoteSwiftPackageReference;
			repositoryURL = "https://github.com/nicklockwood/SwiftFormat";
			requirement = {
				kind = upToNextMajorVersion;
				minimumVersion = 0.61.1;
			};
		};
/* End XCRemoteSwiftPackageReference section */

/* Begin XCSwiftPackageProductDependency section */
		3588A4D62FC2BD4F00AC468B /* SwiftFormat */ = {
			isa = XCSwiftPackageProductDependency;
			package = 3588A4D52FC2BD4F00AC468B /* XCRemoteSwiftPackageReference "SwiftFormat" */;
			productName = SwiftFormat;
		};
/* End XCSwiftPackageProductDependency section */
	};
	rootObject = 3588A49A2FC2B4C900AC468B /* Project object */;
}
